
Microsoft Visual Studio Solution File, Format Version 12.00
# Visual Studio Version 17
VisualStudioVersion = 17.8.34525.116
MinimumVisualStudioVersion = 10.0.40219.1
Project("{9A19103F-16F7-4668-BE54-9A1E7A4F7556}") = "Week8EpicGame", "Week8EpicGame\Week8EpicGame.csproj", "{A849606B-956E-4946-A68A-C0BC62CD23CA}"
EndProject
Project("{9A19103F-16F7-4668-BE54-9A1E7A4F7556}") = "moreEpicGame", "moreEpicGame\moreEpicGame.csproj", "{52697C84-9EC5-43B8-861A-C1C6F759550E}"
EndProject
Global
	GlobalSection(SolutionConfigurationPlatforms) = preSolution
		Debug|Any CPU = Debug|Any CPU
		Release|Any CPU = Release|Any CPU
	EndGlobalSection
	GlobalSection(ProjectConfigurationPlatforms) = postSolution
		{A849606B-956E-4946-A68A-C0BC62CD23CA}.Debug|Any CPU.ActiveCfg = Debug|Any CPU
		{A849606B-956E-4946-A68A-C0BC62CD23CA}.Debug|Any CPU.Build.0 = Debug|Any CPU
		{A849606B-956E-4946-A68A-C0BC62CD23CA}.Release|Any CPU.ActiveCfg = Release|Any CPU
		{A849606B-956E-4946-A68A-C0BC62CD23CA}.Release|Any CPU.Build.0 = Release|Any CPU
		{52697C84-9EC5-43B8-861A-C1C6F759550E}.Debug|Any CPU.ActiveCfg = Debug|Any CPU
		{52697C84-9EC5-43B8-861A-C1C6F759550E}.Debug|Any CPU.Build.0 = Debug|Any CPU
		{52697C84-9EC5-43B8-861A-C1C6F759550E}.Release|Any CPU.ActiveCfg = Release|Any CPU
		{52697C84-9EC5-43B8-861A-C1C6F759550E}.Release|Any CPU.Build.0 = Release|Any CPU
	EndGlobalSection
	GlobalSection(SolutionProperties) = preSolution
		HideSolutionNode = FALSE
	EndGlobalSection
	GlobalSection(ExtensibilityGlobals) = postSolution
		SolutionGuid = {533CC314-6BC1-40F6-AD5B-3191A51D8F4A}
	EndGlobalSection
EndGlobal
